
Microsoft Visual Studio Solution File, Format Version 12.00
# Visual Studio Version 17
VisualStudioVersion = 17.0.32112.339
MinimumVisualStudioVersion = 10.0.40219.1
Project("{FAE04EC0-301F-11D3-BF4B-00C04F79EFBC}") = "Enteros", "Enteros\Enteros.csproj", "{DCFB54D3-8199-4272-AFCA-FED968B4E30C}"
EndProject
Project("{FAE04EC0-301F-11D3-BF4B-00C04F79EFBC}") = "CalculoPerimetro", "CalculoPerimetro\CalculoPerimetro.csproj", "{2EB44D87-D6B7-4C80-9CF7-FFCD39C526AA}"
EndProject
Project("{FAE04EC0-301F-11D3-BF4B-00C04F79EFBC}") = "CalculoArea", "CalculoArea\CalculoArea.csproj", "{C3923DF8-3B68-4A3E-B36D-063187E85EA3}"
EndProject
Project("{FAE04EC0-301F-11D3-BF4B-00C04F79EFBC}") = "String", "String\String.csproj", "{BB9F96C0-A405-4F6E-A287-D15D6AB9253A}"
EndProject
Project("{FAE04EC0-301F-11D3-BF4B-00C04F79EFBC}") = "StringInt", "StringInt\StringInt.csproj", "{E537346A-8435-499F-BE87-2D668190BB40}"
EndProject
Project("{FAE04EC0-301F-11D3-BF4B-00C04F79EFBC}") = "Ciclo for", "Ciclo for\Ciclo for.csproj", "{FB87B368-5275-4337-93F0-B5E9584A86B6}"
EndProject
Global
	GlobalSection(SolutionConfigurationPlatforms) = preSolution
		Debug|Any CPU = Debug|Any CPU
		Release|Any CPU = Release|Any CPU
	EndGlobalSection
	GlobalSection(ProjectConfigurationPlatforms) = postSolution
		{DCFB54D3-8199-4272-AFCA-FED968B4E30C}.Debug|Any CPU.ActiveCfg = Debug|Any CPU
		{DCFB54D3-8199-4272-AFCA-FED968B4E30C}.Debug|Any CPU.Build.0 = Debug|Any CPU
		{DCFB54D3-8199-4272-AFCA-FED968B4E30C}.Release|Any CPU.ActiveCfg = Release|Any CPU
		{DCFB54D3-8199-4272-AFCA-FED968B4E30C}.Release|Any CPU.Build.0 = Release|Any CPU
		{2EB44D87-D6B7-4C80-9CF7-FFCD39C526AA}.Debug|Any CPU.ActiveCfg = Debug|Any CPU
		{2EB44D87-D6B7-4C80-9CF7-FFCD39C526AA}.Debug|Any CPU.Build.0 = Debug|Any CPU
		{2EB44D87-D6B7-4C80-9CF7-FFCD39C526AA}.Release|Any CPU.ActiveCfg = Release|Any CPU
		{2EB44D87-D6B7-4C80-9CF7-FFCD39C526AA}.Release|Any CPU.Build.0 = Release|Any CPU
		{C3923DF8-3B68-4A3E-B36D-063187E85EA3}.Debug|Any CPU.ActiveCfg = Debug|Any CPU
		{C3923DF8-3B68-4A3E-B36D-063187E85EA3}.Debug|Any CPU.Build.0 = Debug|Any CPU
		{C3923DF8-3B68-4A3E-B36D-063187E85EA3}.Release|Any CPU.ActiveCfg = Release|Any CPU
		{C3923DF8-3B68-4A3E-B36D-063187E85EA3}.Release|Any CPU.Build.0 = Release|Any CPU
		{BB9F96C0-A405-4F6E-A287-D15D6AB9253A}.Debug|Any CPU.ActiveCfg = Debug|Any CPU
		{BB9F96C0-A405-4F6E-A287-D15D6AB9253A}.Debug|Any CPU.Build.0 = Debug|Any CPU
		{BB9F96C0-A405-4F6E-A287-D15D6AB9253A}.Release|Any CPU.ActiveCfg = Release|Any CPU
		{BB9F96C0-A405-4F6E-A287-D15D6AB9253A}.Release|Any CPU.Build.0 = Release|Any CPU
		{E537346A-8435-499F-BE87-2D668190BB40}.Debug|Any CPU.ActiveCfg = Debug|Any CPU
		{E537346A-8435-499F-BE87-2D668190BB40}.Debug|Any CPU.Build.0 = Debug|Any CPU
		{E537346A-8435-499F-BE87-2D668190BB40}.Release|Any CPU.ActiveCfg = Release|Any CPU
		{E537346A-8435-499F-BE87-2D668190BB40}.Release|Any CPU.Build.0 = Release|Any CPU
		{FB87B368-5275-4337-93F0-B5E9584A86B6}.Debug|Any CPU.ActiveCfg = Debug|Any CPU
		{FB87B368-5275-4337-93F0-B5E9584A86B6}.Debug|Any CPU.Build.0 = Debug|Any CPU
		{FB87B368-5275-4337-93F0-B5E9584A86B6}.Release|Any CPU.ActiveCfg = Release|Any CPU
		{FB87B368-5275-4337-93F0-B5E9584A86B6}.Release|Any CPU.Build.0 = Release|Any CPU
	EndGlobalSection
	GlobalSection(SolutionProperties) = preSolution
		HideSolutionNode = FALSE
	EndGlobalSection
	GlobalSection(ExtensibilityGlobals) = postSolution
		SolutionGuid = {EE1812B1-B2EF-4438-8505-E196EAEB67E3}
	EndGlobalSection
EndGlobal
